
Microsoft Visual Studio Solution File, Format Version 12.00
# Visual Studio Version 17
VisualStudioVersion = 17.1.32210.238
MinimumVisualStudioVersion = 10.0.40219.1
Project("{9A19103F-16F7-4668-BE54-9A1E7A4F7556}") = "Nitro.Channel.Api", "Nitro.Channel.Api\Nitro.Channel.Api.csproj", "{7C67B6E6-EFD4-4FB7-991F-424348CC7499}"
EndProject
Project("{9A19103F-16F7-4668-BE54-9A1E7A4F7556}") = "Nitro.Msvc.Tenant", "Nitro.Msvc.Tenant\Nitro.Msvc.Tenant.csproj", "{E66CBE11-5CC4-4D1C-8E2D-EAC08E5945FB}"
EndProject
Project("{9A19103F-16F7-4668-BE54-9A1E7A4F7556}") = "Nitro.Msvc.Tenant.Entities", "Nitro.Msvc.Tenant.Entities\Nitro.Msvc.Tenant.Entities.csproj", "{18C0D694-B0C1-467A-ABDD-D2ECF76D4BBD}"
EndProject
Project("{9A19103F-16F7-4668-BE54-9A1E7A4F7556}") = "Nitro.Msvc.Tenant.Access", "Nitro.Msvc.Tenant.Access\Nitro.Msvc.Tenant.Access.csproj", "{F04FA327-CADB-4852-AAFD-3114AC178D04}"
EndProject
Project("{9A19103F-16F7-4668-BE54-9A1E7A4F7556}") = "Nitro.Msvc.Tenant.Messaging", "Nitro.Msvc.Tenant.Messaging\Nitro.Msvc.Tenant.Messaging.csproj", "{C4B51B93-EFE7-4A98-BFD2-84DB9093B935}"
EndProject
Project("{2150E333-8FDC-42A3-9474-1A3956D46DE8}") = "Microservices", "Microservices", "{80ADD571-A3AB-4FE5-ABDC-43C7277B5ADB}"
EndProject
Project("{2150E333-8FDC-42A3-9474-1A3956D46DE8}") = "Tenant", "Tenant", "{D990975B-2655-43B5-9526-22CC30B85256}"
EndProject
Project("{2150E333-8FDC-42A3-9474-1A3956D46DE8}") = "Docs", "Docs", "{29F79D2B-6774-4A01-9A38-65C55E7FDFFE}"
	ProjectSection(SolutionItems) = preProject
		auth.mmd = auth.mmd
		auth.mmd.svg = auth.mmd.svg
		readme.md = readme.md
	EndProjectSection
EndProject
Project("{E53339B2-1760-4266-BCC7-CA923CBCF16C}") = "docker-compose", "docker-compose.dcproj", "{1A5CDAE2-1401-4C90-A8AF-A0978E41587D}"
EndProject
Project("{9A19103F-16F7-4668-BE54-9A1E7A4F7556}") = "Nitro.GraphQL", "Nitro.GraphQL\Nitro.GraphQL.csproj", "{FFB0EE21-1D1D-4C27-AE06-3578F1350FCD}"
EndProject
Project("{2150E333-8FDC-42A3-9474-1A3956D46DE8}") = "GatewayAPI", "GatewayAPI", "{94AD8F20-0F0A-40C1-9716-07BA5ADE74F5}"
EndProject
Project("{9A19103F-16F7-4668-BE54-9A1E7A4F7556}") = "Nitro.Msvc.User", "Nitro.Msvc.User\Nitro.Msvc.User.csproj", "{3327FE80-E756-4441-B07B-939ACBC5B7CD}"
EndProject
Project("{2150E333-8FDC-42A3-9474-1A3956D46DE8}") = "User", "User", "{4523B7C7-F789-42FE-A7A4-D4AC040FDA6F}"
EndProject
Project("{2150E333-8FDC-42A3-9474-1A3956D46DE8}") = "Core", "Core", "{7C7931EE-A114-47C0-8FDD-5CAFA0AD124D}"
EndProject
Project("{9A19103F-16F7-4668-BE54-9A1E7A4F7556}") = "Nitro.Core.Configuration", "Nitro.Core.Configuration\Nitro.Core.Configuration.csproj", "{CCD9B1D9-0A11-4D43-9DB4-FC253350F491}"
EndProject
Project("{9A19103F-16F7-4668-BE54-9A1E7A4F7556}") = "Nitro.Core.Configuration.Abstraction", "Nitro.Core.Configuraiton.Abstraction\Nitro.Core.Configuration.Abstraction.csproj", "{F80019BC-275F-4A56-9BE3-A2F35781CFF2}"
EndProject
Project("{9A19103F-16F7-4668-BE54-9A1E7A4F7556}") = "Nitro.Msvc.User.Access", "Nitro.Msvc.User.Access\Nitro.Msvc.User.Access.csproj", "{9A157737-DA6C-472C-A2A2-7FCE9EDAFAD4}"
EndProject
Project("{9A19103F-16F7-4668-BE54-9A1E7A4F7556}") = "Nitro.Msvc.User.Entities", "Nitro.Msvc.User.Entities\Nitro.Msvc.User.Entities.csproj", "{410C456B-053A-43A5-98B9-8A93C872FB09}"
EndProject
Project("{9A19103F-16F7-4668-BE54-9A1E7A4F7556}") = "Nitro.Msvc.User.Messaging", "Nitro.Msvc.User.Messaging\Nitro.Msvc.User.Messaging.csproj", "{A7C7D97A-E4A2-4BDF-A586-290D361DACBB}"
EndProject
Project("{9A19103F-16F7-4668-BE54-9A1E7A4F7556}") = "Nitro.Msvc.User.Messaging.Abstraction", "Nitro.Msvc.User.Messaging.Abstraction\Nitro.Msvc.User.Messaging.Abstraction.csproj", "{0BD0E5BB-1FE8-4F6D-80B3-0974B7A0A553}"
EndProject
Project("{9A19103F-16F7-4668-BE54-9A1E7A4F7556}") = "Nitro.Msvc.Tenant.Messaging.Abstraction", "Nitro.Msvc.Tenant.Messaging.Abstraction\Nitro.Msvc.Tenant.Messaging.Abstraction.csproj", "{A4EFFB8A-7CD8-4FD2-9F9C-E26036C2CE3F}"
EndProject
Project("{2150E333-8FDC-42A3-9474-1A3956D46DE8}") = "iAdapter", "iAdapter", "{DF8B7AEF-E77C-43C5-A6A0-69AAADB28249}"
EndProject
Project("{FAE04EC0-301F-11D3-BF4B-00C04F79EFBC}") = "Msvc.IAdapter", "Msvc.IAdapter\Msvc.IAdapter.csproj", "{F9F47A97-184C-495B-B00D-673C4BB85BB1}"
EndProject
Project("{FAE04EC0-301F-11D3-BF4B-00C04F79EFBC}") = "Msvc.IAdapter.Abstraction", "Msvc.IAdapter.Abstraction\Msvc.IAdapter.Abstraction.csproj", "{AC4EC14E-A9D2-44DB-9AA6-612CC6783C74}"
EndProject
Project("{FAE04EC0-301F-11D3-BF4B-00C04F79EFBC}") = "Msvc.IAdapter.Messaging", "Msvc.IAdapter.Messaging\Msvc.IAdapter.Messaging.csproj", "{80141292-4F65-4428-A284-6241D83F95E9}"
EndProject
Global
	GlobalSection(SolutionConfigurationPlatforms) = preSolution
		Debug|Any CPU = Debug|Any CPU
		Release|Any CPU = Release|Any CPU
	EndGlobalSection
	GlobalSection(ProjectConfigurationPlatforms) = postSolution
		{7C67B6E6-EFD4-4FB7-991F-424348CC7499}.Debug|Any CPU.ActiveCfg = Debug|Any CPU
		{7C67B6E6-EFD4-4FB7-991F-424348CC7499}.Debug|Any CPU.Build.0 = Debug|Any CPU
		{7C67B6E6-EFD4-4FB7-991F-424348CC7499}.Release|Any CPU.ActiveCfg = Release|Any CPU
		{7C67B6E6-EFD4-4FB7-991F-424348CC7499}.Release|Any CPU.Build.0 = Release|Any CPU
		{E66CBE11-5CC4-4D1C-8E2D-EAC08E5945FB}.Debug|Any CPU.ActiveCfg = Debug|Any CPU
		{E66CBE11-5CC4-4D1C-8E2D-EAC08E5945FB}.Debug|Any CPU.Build.0 = Debug|Any CPU
		{E66CBE11-5CC4-4D1C-8E2D-EAC08E5945FB}.Release|Any CPU.ActiveCfg = Release|Any CPU
		{E66CBE11-5CC4-4D1C-8E2D-EAC08E5945FB}.Release|Any CPU.Build.0 = Release|Any CPU
		{18C0D694-B0C1-467A-ABDD-D2ECF76D4BBD}.Debug|Any CPU.ActiveCfg = Debug|Any CPU
		{18C0D694-B0C1-467A-ABDD-D2ECF76D4BBD}.Debug|Any CPU.Build.0 = Debug|Any CPU
		{18C0D694-B0C1-467A-ABDD-D2ECF76D4BBD}.Release|Any CPU.ActiveCfg = Release|Any CPU
		{18C0D694-B0C1-467A-ABDD-D2ECF76D4BBD}.Release|Any CPU.Build.0 = Release|Any CPU
		{F04FA327-CADB-4852-AAFD-3114AC178D04}.Debug|Any CPU.ActiveCfg = Debug|Any CPU
		{F04FA327-CADB-4852-AAFD-3114AC178D04}.Debug|Any CPU.Build.0 = Debug|Any CPU
		{F04FA327-CADB-4852-AAFD-3114AC178D04}.Release|Any CPU.ActiveCfg = Release|Any CPU
		{F04FA327-CADB-4852-AAFD-3114AC178D04}.Release|Any CPU.Build.0 = Release|Any CPU
		{C4B51B93-EFE7-4A98-BFD2-84DB9093B935}.Debug|Any CPU.ActiveCfg = Debug|Any CPU
		{C4B51B93-EFE7-4A98-BFD2-84DB9093B935}.Debug|Any CPU.Build.0 = Debug|Any CPU
		{C4B51B93-EFE7-4A98-BFD2-84DB9093B935}.Release|Any CPU.ActiveCfg = Release|Any CPU
		{C4B51B93-EFE7-4A98-BFD2-84DB9093B935}.Release|Any CPU.Build.0 = Release|Any CPU
		{1A5CDAE2-1401-4C90-A8AF-A0978E41587D}.Debug|Any CPU.ActiveCfg = Debug|Any CPU
		{1A5CDAE2-1401-4C90-A8AF-A0978E41587D}.Debug|Any CPU.Build.0 = Debug|Any CPU
		{1A5CDAE2-1401-4C90-A8AF-A0978E41587D}.Release|Any CPU.ActiveCfg = Release|Any CPU
		{1A5CDAE2-1401-4C90-A8AF-A0978E41587D}.Release|Any CPU.Build.0 = Release|Any CPU
		{FFB0EE21-1D1D-4C27-AE06-3578F1350FCD}.Debug|Any CPU.ActiveCfg = Debug|Any CPU
		{FFB0EE21-1D1D-4C27-AE06-3578F1350FCD}.Debug|Any CPU.Build.0 = Debug|Any CPU
		{FFB0EE21-1D1D-4C27-AE06-3578F1350FCD}.Release|Any CPU.ActiveCfg = Release|Any CPU
		{FFB0EE21-1D1D-4C27-AE06-3578F1350FCD}.Release|Any CPU.Build.0 = Release|Any CPU
		{3327FE80-E756-4441-B07B-939ACBC5B7CD}.Debug|Any CPU.ActiveCfg = Debug|Any CPU
		{3327FE80-E756-4441-B07B-939ACBC5B7CD}.Debug|Any CPU.Build.0 = Debug|Any CPU
		{3327FE80-E756-4441-B07B-939ACBC5B7CD}.Release|Any CPU.ActiveCfg = Release|Any CPU
		{3327FE80-E756-4441-B07B-939ACBC5B7CD}.Release|Any CPU.Build.0 = Release|Any CPU
		{CCD9B1D9-0A11-4D43-9DB4-FC253350F491}.Debug|Any CPU.ActiveCfg = Debug|Any CPU
		{CCD9B1D9-0A11-4D43-9DB4-FC253350F491}.Debug|Any CPU.Build.0 = Debug|Any CPU
		{CCD9B1D9-0A11-4D43-9DB4-FC253350F491}.Release|Any CPU.ActiveCfg = Release|Any CPU
		{CCD9B1D9-0A11-4D43-9DB4-FC253350F491}.Release|Any CPU.Build.0 = Release|Any CPU
		{F80019BC-275F-4A56-9BE3-A2F35781CFF2}.Debug|Any CPU.ActiveCfg = Debug|Any CPU
		{F80019BC-275F-4A56-9BE3-A2F35781CFF2}.Debug|Any CPU.Build.0 = Debug|Any CPU
		{F80019BC-275F-4A56-9BE3-A2F35781CFF2}.Release|Any CPU.ActiveCfg = Release|Any CPU
		{F80019BC-275F-4A56-9BE3-A2F35781CFF2}.Release|Any CPU.Build.0 = Release|Any CPU
		{9A157737-DA6C-472C-A2A2-7FCE9EDAFAD4}.Debug|Any CPU.ActiveCfg = Debug|Any CPU
		{9A157737-DA6C-472C-A2A2-7FCE9EDAFAD4}.Debug|Any CPU.Build.0 = Debug|Any CPU
		{9A157737-DA6C-472C-A2A2-7FCE9EDAFAD4}.Release|Any CPU.ActiveCfg = Release|Any CPU
		{9A157737-DA6C-472C-A2A2-7FCE9EDAFAD4}.Release|Any CPU.Build.0 = Release|Any CPU
		{410C456B-053A-43A5-98B9-8A93C872FB09}.Debug|Any CPU.ActiveCfg = Debug|Any CPU
		{410C456B-053A-43A5-98B9-8A93C872FB09}.Debug|Any CPU.Build.0 = Debug|Any CPU
		{410C456B-053A-43A5-98B9-8A93C872FB09}.Release|Any CPU.ActiveCfg = Release|Any CPU
		{410C456B-053A-43A5-98B9-8A93C872FB09}.Release|Any CPU.Build.0 = Release|Any CPU
		{A7C7D97A-E4A2-4BDF-A586-290D361DACBB}.Debug|Any CPU.ActiveCfg = Debug|Any CPU
		{A7C7D97A-E4A2-4BDF-A586-290D361DACBB}.Debug|Any CPU.Build.0 = Debug|Any CPU
		{A7C7D97A-E4A2-4BDF-A586-290D361DACBB}.Release|Any CPU.ActiveCfg = Release|Any CPU
		{A7C7D97A-E4A2-4BDF-A586-290D361DACBB}.Release|Any CPU.Build.0 = Release|Any CPU
		{0BD0E5BB-1FE8-4F6D-80B3-0974B7A0A553}.Debug|Any CPU.ActiveCfg = Debug|Any CPU
		{0BD0E5BB-1FE8-4F6D-80B3-0974B7A0A553}.Debug|Any CPU.Build.0 = Debug|Any CPU
		{0BD0E5BB-1FE8-4F6D-80B3-0974B7A0A553}.Release|Any CPU.ActiveCfg = Release|Any CPU
		{0BD0E5BB-1FE8-4F6D-80B3-0974B7A0A553}.Release|Any CPU.Build.0 = Release|Any CPU
		{A4EFFB8A-7CD8-4FD2-9F9C-E26036C2CE3F}.Debug|Any CPU.ActiveCfg = Debug|Any CPU
		{A4EFFB8A-7CD8-4FD2-9F9C-E26036C2CE3F}.Debug|Any CPU.Build.0 = Debug|Any CPU
		{A4EFFB8A-7CD8-4FD2-9F9C-E26036C2CE3F}.Release|Any CPU.ActiveCfg = Release|Any CPU
		{A4EFFB8A-7CD8-4FD2-9F9C-E26036C2CE3F}.Release|Any CPU.Build.0 = Release|Any CPU
		{F9F47A97-184C-495B-B00D-673C4BB85BB1}.Debug|Any CPU.ActiveCfg = Debug|Any CPU
		{F9F47A97-184C-495B-B00D-673C4BB85BB1}.Debug|Any CPU.Build.0 = Debug|Any CPU
		{F9F47A97-184C-495B-B00D-673C4BB85BB1}.Release|Any CPU.ActiveCfg = Release|Any CPU
		{F9F47A97-184C-495B-B00D-673C4BB85BB1}.Release|Any CPU.Build.0 = Release|Any CPU
		{AC4EC14E-A9D2-44DB-9AA6-612CC6783C74}.Debug|Any CPU.ActiveCfg = Debug|Any CPU
		{AC4EC14E-A9D2-44DB-9AA6-612CC6783C74}.Debug|Any CPU.Build.0 = Debug|Any CPU
		{AC4EC14E-A9D2-44DB-9AA6-612CC6783C74}.Release|Any CPU.ActiveCfg = Release|Any CPU
		{AC4EC14E-A9D2-44DB-9AA6-612CC6783C74}.Release|Any CPU.Build.0 = Release|Any CPU
		{80141292-4F65-4428-A284-6241D83F95E9}.Debug|Any CPU.ActiveCfg = Debug|Any CPU
		{80141292-4F65-4428-A284-6241D83F95E9}.Debug|Any CPU.Build.0 = Debug|Any CPU
		{80141292-4F65-4428-A284-6241D83F95E9}.Release|Any CPU.ActiveCfg = Release|Any CPU
		{80141292-4F65-4428-A284-6241D83F95E9}.Release|Any CPU.Build.0 = Release|Any CPU
	EndGlobalSection
	GlobalSection(SolutionProperties) = preSolution
		HideSolutionNode = FALSE
	EndGlobalSection
	GlobalSection(NestedProjects) = preSolution
		{7C67B6E6-EFD4-4FB7-991F-424348CC7499} = {94AD8F20-0F0A-40C1-9716-07BA5ADE74F5}
		{E66CBE11-5CC4-4D1C-8E2D-EAC08E5945FB} = {D990975B-2655-43B5-9526-22CC30B85256}
		{18C0D694-B0C1-467A-ABDD-D2ECF76D4BBD} = {D990975B-2655-43B5-9526-22CC30B85256}
		{F04FA327-CADB-4852-AAFD-3114AC178D04} = {D990975B-2655-43B5-9526-22CC30B85256}
		{C4B51B93-EFE7-4A98-BFD2-84DB9093B935} = {D990975B-2655-43B5-9526-22CC30B85256}
		{D990975B-2655-43B5-9526-22CC30B85256} = {80ADD571-A3AB-4FE5-ABDC-43C7277B5ADB}
		{FFB0EE21-1D1D-4C27-AE06-3578F1350FCD} = {94AD8F20-0F0A-40C1-9716-07BA5ADE74F5}
		{3327FE80-E756-4441-B07B-939ACBC5B7CD} = {4523B7C7-F789-42FE-A7A4-D4AC040FDA6F}
		{4523B7C7-F789-42FE-A7A4-D4AC040FDA6F} = {80ADD571-A3AB-4FE5-ABDC-43C7277B5ADB}
		{CCD9B1D9-0A11-4D43-9DB4-FC253350F491} = {7C7931EE-A114-47C0-8FDD-5CAFA0AD124D}
		{F80019BC-275F-4A56-9BE3-A2F35781CFF2} = {7C7931EE-A114-47C0-8FDD-5CAFA0AD124D}
		{9A157737-DA6C-472C-A2A2-7FCE9EDAFAD4} = {4523B7C7-F789-42FE-A7A4-D4AC040FDA6F}
		{410C456B-053A-43A5-98B9-8A93C872FB09} = {4523B7C7-F789-42FE-A7A4-D4AC040FDA6F}
		{A7C7D97A-E4A2-4BDF-A586-290D361DACBB} = {4523B7C7-F789-42FE-A7A4-D4AC040FDA6F}
		{0BD0E5BB-1FE8-4F6D-80B3-0974B7A0A553} = {4523B7C7-F789-42FE-A7A4-D4AC040FDA6F}
		{A4EFFB8A-7CD8-4FD2-9F9C-E26036C2CE3F} = {D990975B-2655-43B5-9526-22CC30B85256}
		{DF8B7AEF-E77C-43C5-A6A0-69AAADB28249} = {80ADD571-A3AB-4FE5-ABDC-43C7277B5ADB}
		{F9F47A97-184C-495B-B00D-673C4BB85BB1} = {DF8B7AEF-E77C-43C5-A6A0-69AAADB28249}
		{AC4EC14E-A9D2-44DB-9AA6-612CC6783C74} = {DF8B7AEF-E77C-43C5-A6A0-69AAADB28249}
		{80141292-4F65-4428-A284-6241D83F95E9} = {DF8B7AEF-E77C-43C5-A6A0-69AAADB28249}
	EndGlobalSection
	GlobalSection(ExtensibilityGlobals) = postSolution
		SolutionGuid = {A403E235-631E-4927-A124-63F0B546E11F}
	EndGlobalSection
EndGlobal
